
Microsoft Visual Studio Solution File, Format Version 12.00
# Visual Studio Version 17
VisualStudioVersion = 17.9.34622.214
MinimumVisualStudioVersion = 10.0.40219.1
Project("{FAE04EC0-301F-11D3-BF4B-00C04F79EFBC}") = "WebApiAzureTable", "WebApiAzureTable\WebApiAzureTable.csproj", "{797E0962-CA88-4112-ABAA-D23DC91D1E42}"
EndProject
Global
	GlobalSection(SolutionConfigurationPlatforms) = preSolution
		Debug|Any CPU = Debug|Any CPU
		Release|Any CPU = Release|Any CPU
	EndGlobalSection
	GlobalSection(ProjectConfigurationPlatforms) = postSolution
		{797E0962-CA88-4112-ABAA-D23DC91D1E42}.Debug|Any CPU.ActiveCfg = Debug|Any CPU
		{797E0962-CA88-4112-ABAA-D23DC91D1E42}.Debug|Any CPU.Build.0 = Debug|Any CPU
		{797E0962-CA88-4112-ABAA-D23DC91D1E42}.Release|Any CPU.ActiveCfg = Release|Any CPU
		{797E0962-CA88-4112-ABAA-D23DC91D1E42}.Release|Any CPU.Build.0 = Release|Any CPU
	EndGlobalSection
	GlobalSection(SolutionProperties) = preSolution
		HideSolutionNode = FALSE
	EndGlobalSection
	GlobalSection(ExtensibilityGlobals) = postSolution
		SolutionGuid = {0C802441-B50A-4464-BCC3-AA80AD50DA96}
	EndGlobalSection
EndGlobal
